
Microsoft Visual Studio Solution File, Format Version 11.00
# Visual Studio 2010
Project("{FAE04EC0-301F-11D3-BF4B-00C04F79EFBC}") = "LINQ_2", "LINQ_2.csproj", "{15923F37-0AD6-421E-AE6D-058F3EDC1D94}"
EndProject
Global
	GlobalSection(SolutionConfigurationPlatforms) = preSolution
		Debug|x86 = Debug|x86
		Release|x86 = Release|x86
	EndGlobalSection
	GlobalSection(ProjectConfigurationPlatforms) = postSolution
		{15923F37-0AD6-421E-AE6D-058F3EDC1D94}.Debug|x86.ActiveCfg = Debug|x86
		{15923F37-0AD6-421E-AE6D-058F3EDC1D94}.Debug|x86.Build.0 = Debug|x86
		{15923F37-0AD6-421E-AE6D-058F3EDC1D94}.Release|x86.ActiveCfg = Release|x86
		{15923F37-0AD6-421E-AE6D-058F3EDC1D94}.Release|x86.Build.0 = Release|x86
	EndGlobalSection
	GlobalSection(SolutionProperties) = preSolution
		HideSolutionNode = FALSE
	EndGlobalSection
EndGlobal
