
Microsoft Visual Studio Solution File, Format Version 11.00
# Visual Studio 2010
Project("{FAE04EC0-301F-11D3-BF4B-00C04F79EFBC}") = "Lambda_express_3", "Lambda_express_3.csproj", "{474DB6F2-EC0F-44E1-A293-BB6D85542E8B}"
EndProject
Global
	GlobalSection(SolutionConfigurationPlatforms) = preSolution
		Debug|x86 = Debug|x86
		Release|x86 = Release|x86
	EndGlobalSection
	GlobalSection(ProjectConfigurationPlatforms) = postSolution
		{474DB6F2-EC0F-44E1-A293-BB6D85542E8B}.Debug|x86.ActiveCfg = Debug|x86
		{474DB6F2-EC0F-44E1-A293-BB6D85542E8B}.Debug|x86.Build.0 = Debug|x86
		{474DB6F2-EC0F-44E1-A293-BB6D85542E8B}.Release|x86.ActiveCfg = Release|x86
		{474DB6F2-EC0F-44E1-A293-BB6D85542E8B}.Release|x86.Build.0 = Release|x86
	EndGlobalSection
	GlobalSection(SolutionProperties) = preSolution
		HideSolutionNode = FALSE
	EndGlobalSection
EndGlobal
