
Microsoft Visual Studio Solution File, Format Version 11.00
# Visual Studio 2010
Project("{FAE04EC0-301F-11D3-BF4B-00C04F79EFBC}") = "DynamicType2", "DynamicType2\DynamicType2.csproj", "{243ACC3A-6D19-4F05-87E6-6D3A1CB74DCF}"
EndProject
Global
	GlobalSection(SolutionConfigurationPlatforms) = preSolution
		Debug|x86 = Debug|x86
		Release|x86 = Release|x86
	EndGlobalSection
	GlobalSection(ProjectConfigurationPlatforms) = postSolution
		{243ACC3A-6D19-4F05-87E6-6D3A1CB74DCF}.Debug|x86.ActiveCfg = Debug|x86
		{243ACC3A-6D19-4F05-87E6-6D3A1CB74DCF}.Debug|x86.Build.0 = Debug|x86
		{243ACC3A-6D19-4F05-87E6-6D3A1CB74DCF}.Release|x86.ActiveCfg = Release|x86
		{243ACC3A-6D19-4F05-87E6-6D3A1CB74DCF}.Release|x86.Build.0 = Release|x86
	EndGlobalSection
	GlobalSection(SolutionProperties) = preSolution
		HideSolutionNode = FALSE
	EndGlobalSection
EndGlobal
